{
  "name": "egjs",
  "version": "2.0.0",
  "lockfileVersion": 1,
  "requires": true,
  "dependencies": {
    "@egjs/agent": {
      "version": "2.0.0",
      "resolved": "https://registry.npmjs.org/@egjs/agent/-/agent-2.0.0.tgz",
      "integrity": "sha1-XP9G2HxQjYctO8PKubRu+uu1Keg="
    },
    "@egjs/axes": {
      "version": "2.0.0",
      "resolved": "https://registry.npmjs.org/@egjs/axes/-/axes-2.0.0.tgz",
      "integrity": "sha1-8eBbKFRdJsEB4sthAQK2bhA+Qfg=",
      "requires": {
        "@egjs/component": "2.0.0",
        "hammerjs": "https://registry.npmjs.org/hammerjs/-/hammerjs-2.0.8.tgz"
      }
    },
    "@egjs/component": {
      "version": "2.0.0",
      "resolved": "https://registry.npmjs.org/@egjs/component/-/component-2.0.0.tgz",
      "integrity": "sha1-Ff1C8UMbq99qiDgZXAqS4PDFbVk="
    },
    "@egjs/flicking": {
      "version": "2.0.1",
      "resolved": "https://registry.npmjs.org/@egjs/flicking/-/flicking-2.0.1.tgz",
      "integrity": "sha512-Xfo6SITzeIZRwcUXUcoNHwDzmh/NqYNLDque8kPlZSVYkLA0N//W8G1kIm1ojfifC4htC2Nw+vpjTx0YPT0E7g==",
      "requires": {
        "@egjs/axes": "2.0.0",
        "@egjs/component": "2.0.0"
      }
    },
    "@egjs/infinitegrid": {
      "version": "2.0.0",
      "resolved": "https://registry.npmjs.org/@egjs/infinitegrid/-/infinitegrid-2.0.0.tgz",
      "integrity": "sha1-IaRo4YEAy2GS30Ezz40egct8Sm0=",
      "requires": {
        "@egjs/component": "2.0.0"
      }
    },
    "@egjs/jquery-pauseresume": {
      "version": "2.0.1",
      "resolved": "https://registry.npmjs.org/@egjs/jquery-pauseresume/-/jquery-pauseresume-2.0.1.tgz",
      "integrity": "sha1-dg0d9uozQktmPcY9wGvkjqRKxik=",
      "requires": {
        "jquery": "1.12.4"
      },
      "dependencies": {
        "jquery": {
          "version": "1.12.4",
          "resolved": "https://registry.npmjs.org/jquery/-/jquery-1.12.4.tgz",
          "integrity": "sha1-AeHfuikP5z3rp3zurLD5ui/sngw="
        }
      }
    },
    "@egjs/jquery-transform": {
      "version": "2.0.0",
      "resolved": "https://registry.npmjs.org/@egjs/jquery-transform/-/jquery-transform-2.0.0.tgz",
      "integrity": "sha1-9o3WIFf4PwtEHVK6raOmwBikR5Q=",
      "requires": {
        "jquery": "1.12.4"
      }
    },
    "@egjs/persist": {
      "version": "2.0.0",
      "resolved": "https://registry.npmjs.org/@egjs/persist/-/persist-2.0.0.tgz",
      "integrity": "sha1-S78ztuq0vKCkE4OLJ3o6K0nW9OI="
    },
    "@egjs/rotate": {
      "version": "2.0.0",
      "resolved": "https://registry.npmjs.org/@egjs/rotate/-/rotate-2.0.0.tgz",
      "integrity": "sha1-ps4HPx6ep3/cW9wp9Yqzwcqji5I="
    },
    "@egjs/visible": {
      "version": "2.0.0",
      "resolved": "https://registry.npmjs.org/@egjs/visible/-/visible-2.0.0.tgz",
      "integrity": "sha1-lJGk9TRIIyZAt+VyybVF16epTAk=",
      "requires": {
        "@egjs/component": "2.0.0"
      }
    },
    "fs-extra": {
      "version": "https://registry.npmjs.org/fs-extra/-/fs-extra-4.0.1.tgz",
      "integrity": "sha1-f8DGyJV/mD9X8waiTlud3Y0N2IA=",
      "dev": true,
      "requires": {
        "graceful-fs": "https://registry.npmjs.org/graceful-fs/-/graceful-fs-4.1.11.tgz",
        "jsonfile": "https://registry.npmjs.org/jsonfile/-/jsonfile-3.0.1.tgz",
        "universalify": "https://registry.npmjs.org/universalify/-/universalify-0.1.1.tgz"
      }
    },
    "graceful-fs": {
      "version": "https://registry.npmjs.org/graceful-fs/-/graceful-fs-4.1.11.tgz",
      "integrity": "sha1-Dovf5NHduIVNZOBOp8AOKgJuVlg=",
      "dev": true
    },
    "hammerjs": {
      "version": "https://registry.npmjs.org/hammerjs/-/hammerjs-2.0.8.tgz",
      "integrity": "sha1-BO93hiz/K7edMPdpIJWTAiK/YPE="
    },
    "jquery": {
      "version": "1.12.4",
      "resolved": "https://registry.npmjs.org/jquery/-/jquery-1.12.4.tgz",
      "integrity": "sha1-AeHfuikP5z3rp3zurLD5ui/sngw="
    },
    "jsonfile": {
      "version": "https://registry.npmjs.org/jsonfile/-/jsonfile-3.0.1.tgz",
      "integrity": "sha1-pezG9l9T9mLEQVx2daAzHQmS7GY=",
      "dev": true,
      "requires": {
        "graceful-fs": "https://registry.npmjs.org/graceful-fs/-/graceful-fs-4.1.11.tgz"
      }
    },
    "universalify": {
      "version": "https://registry.npmjs.org/universalify/-/universalify-0.1.1.tgz",
      "integrity": "sha1-+nG63UQ3r0wUiEHjs7Fl+enlkLc=",
      "dev": true
    }
  }
}
