{
  "name": "egjs",
  "version": "2.0.0",
  "lockfileVersion": 1,
  "requires": true,
  "dependencies": {
    "@egjs/agent": {
      "version": "2.1.4",
      "resolved": "https://registry.npmjs.org/@egjs/agent/-/agent-2.1.4.tgz",
      "integrity": "sha512-XCi9e6dud2PXo5ubyfKMeL0fToo7NN1EswROmHymcZASkiqjSid4U4yhFRbuG1CkhXntxABYdMLQ2kcS8K6JeA=="
    },
    "@egjs/axes": {
      "version": "2.5.0",
      "resolved": "https://registry.npmjs.org/@egjs/axes/-/axes-2.5.0.tgz",
      "integrity": "sha512-4P0hktScx8pGOSB5ZbEDBL/jJlny4kaYT+WgjUHY9dWk+NZKpTUe6yBfntQ56AvFpr7zooFN0njEP90twgpcPA==",
      "requires": {
        "@egjs/component": "2.1.0",
        "hammerjs": "2.0.8"
      },
      "dependencies": {
        "hammerjs": {
          "version": "2.0.8",
          "resolved": "https://registry.npmjs.org/hammerjs/-/hammerjs-2.0.8.tgz",
          "integrity": "sha1-BO93hiz/K7edMPdpIJWTAiK/YPE="
        }
      }
    },
    "@egjs/component": {
      "version": "2.1.0",
      "resolved": "https://registry.npmjs.org/@egjs/component/-/component-2.1.0.tgz",
      "integrity": "sha512-5bcpM+d7UNFTdZ0qRhgYrp3YCuF45ItYp8BwBj6lDnlCrqwB6VE/QqedLZ4Emwa2KZ/TTvO8UnikMb1NFOWkPg=="
    },
    "@egjs/flicking": {
      "version": "2.2.0",
      "resolved": "https://registry.npmjs.org/@egjs/flicking/-/flicking-2.2.0.tgz",
      "integrity": "sha512-jnPMEgWp1QDBF3OR+xtAl4Nwv1glxtLiCIO/5MrnsUXOU8KgFjYrbz+rRGhtXwXKQOgtkSFbaw9jXHY3VEXXyQ==",
      "requires": {
        "@egjs/axes": "2.5.0",
        "@egjs/component": "2.1.0"
      }
    },
    "@egjs/infinitegrid": {
      "version": "3.2.4",
      "resolved": "https://registry.npmjs.org/@egjs/infinitegrid/-/infinitegrid-3.2.4.tgz",
      "integrity": "sha512-J44mizPiVBqskb3JZr96tKUryPHmqptkJk5l8e5+Yzok1Ca8sH4cgJXctUl2JU76c2/vys98lr6R9IUgePXWSQ==",
      "requires": {
        "@egjs/component": "2.1.0"
      }
    },
    "@egjs/jquery-pauseresume": {
      "version": "2.0.1",
      "resolved": "https://registry.npmjs.org/@egjs/jquery-pauseresume/-/jquery-pauseresume-2.0.1.tgz",
      "integrity": "sha1-dg0d9uozQktmPcY9wGvkjqRKxik=",
      "requires": {
        "jquery": "1.12.4"
      }
    },
    "@egjs/jquery-transform": {
      "version": "2.0.0",
      "resolved": "https://registry.npmjs.org/@egjs/jquery-transform/-/jquery-transform-2.0.0.tgz",
      "integrity": "sha1-9o3WIFf4PwtEHVK6raOmwBikR5Q=",
      "requires": {
        "jquery": "1.12.4"
      }
    },
    "@egjs/persist": {
      "version": "2.1.2",
      "resolved": "https://registry.npmjs.org/@egjs/persist/-/persist-2.1.2.tgz",
      "integrity": "sha512-VDolXJiGTgn0bz/dAuNvU73L4N07eB+XBssfqIwJ8EEkjuYkCcZyGGU9DgFgnMjEwNQLB2MUU9qjKdVE50TpEw=="
    },
    "@egjs/rotate": {
      "version": "2.0.0",
      "resolved": "https://registry.npmjs.org/@egjs/rotate/-/rotate-2.0.0.tgz",
      "integrity": "sha1-ps4HPx6ep3/cW9wp9Yqzwcqji5I="
    },
    "@egjs/visible": {
      "version": "2.1.0",
      "resolved": "https://registry.npmjs.org/@egjs/visible/-/visible-2.1.0.tgz",
      "integrity": "sha512-eRIiBvzxSaocA67vfAqekME+1YVV4yVurFKMwPJiqPcK7Ttob6TJ/WptMVFC4R6riP+u6KAWiA3QWzyhrU2zJg==",
      "requires": {
        "@egjs/component": "2.1.0"
      }
    },
    "fs-extra": {
      "version": "4.0.3",
      "resolved": "https://registry.npmjs.org/fs-extra/-/fs-extra-4.0.3.tgz",
      "integrity": "sha512-q6rbdDd1o2mAnQreO7YADIxf/Whx4AHBiRf6d+/cVT8h44ss+lHgxf1FemcqDnQt9X3ct4McHr+JMGlYSsK7Cg==",
      "dev": true,
      "requires": {
        "graceful-fs": "4.1.11",
        "jsonfile": "4.0.0",
        "universalify": "0.1.1"
      },
      "dependencies": {
        "graceful-fs": {
          "version": "4.1.11",
          "resolved": "https://registry.npmjs.org/graceful-fs/-/graceful-fs-4.1.11.tgz",
          "integrity": "sha1-Dovf5NHduIVNZOBOp8AOKgJuVlg=",
          "dev": true
        },
        "jsonfile": {
          "version": "4.0.0",
          "resolved": "https://registry.npmjs.org/jsonfile/-/jsonfile-4.0.0.tgz",
          "integrity": "sha1-h3Gq4HmbZAdrdmQPygWPnBDjPss=",
          "dev": true,
          "requires": {
            "graceful-fs": "4.1.11"
          }
        },
        "universalify": {
          "version": "0.1.1",
          "resolved": "https://registry.npmjs.org/universalify/-/universalify-0.1.1.tgz",
          "integrity": "sha1-+nG63UQ3r0wUiEHjs7Fl+enlkLc=",
          "dev": true
        }
      }
    },
    "jquery": {
      "version": "1.12.4",
      "resolved": "https://registry.npmjs.org/jquery/-/jquery-1.12.4.tgz",
      "integrity": "sha1-AeHfuikP5z3rp3zurLD5ui/sngw="
    }
  }
}
